
Microsoft Visual Studio Solution File, Format Version 12.00
# Visual Studio Version 16
VisualStudioVersion = 16.0.31005.135
MinimumVisualStudioVersion = 10.0.40219.1
Project("{FAE04EC0-301F-11D3-BF4B-00C04F79EFBC}") = "WebApplication2", "WebApplication2\WebApplication2.csproj", "{8BC0C643-6BE1-4624-A165-5B793D9F7259}"
EndProject
Global
	GlobalSection(SolutionConfigurationPlatforms) = preSolution
		Debug|Any CPU = Debug|Any CPU
		Release|Any CPU = Release|Any CPU
	EndGlobalSection
	GlobalSection(ProjectConfigurationPlatforms) = postSolution
		{8BC0C643-6BE1-4624-A165-5B793D9F7259}.Debug|Any CPU.ActiveCfg = Debug|Any CPU
		{8BC0C643-6BE1-4624-A165-5B793D9F7259}.Debug|Any CPU.Build.0 = Debug|Any CPU
		{8BC0C643-6BE1-4624-A165-5B793D9F7259}.Release|Any CPU.ActiveCfg = Release|Any CPU
		{8BC0C643-6BE1-4624-A165-5B793D9F7259}.Release|Any CPU.Build.0 = Release|Any CPU
	EndGlobalSection
	GlobalSection(SolutionProperties) = preSolution
		HideSolutionNode = FALSE
	EndGlobalSection
	GlobalSection(ExtensibilityGlobals) = postSolution
		SolutionGuid = {E98A0ABF-CA7C-4F17-A153-008CFC07442D}
	EndGlobalSection
EndGlobal
